
Microsoft Visual Studio Solution File, Format Version 12.00
# Visual Studio Version 16
VisualStudioVersion = 16.0.31424.327
MinimumVisualStudioVersion = 10.0.40219.1
Project("{FAE04EC0-301F-11D3-BF4B-00C04F79EFBC}") = "Punto_de_venta", "Punto_de_venta.csproj", "{D2937657-3CC5-48C7-9D0B-AF4B22CAA89D}"
EndProject
Project("{840C416C-B8F3-42BC-B0DD-F6BB14C9F8CB}") = "Sisconta", "..\Sisconta\Sisconta.aiproj", "{E94AB1A8-9F74-4686-9FF9-2CADFB9DF1CE}"
EndProject
Global
	GlobalSection(SolutionConfigurationPlatforms) = preSolution
		All|Any CPU = All|Any CPU
		Debug|Any CPU = Debug|Any CPU
		Release|Any CPU = Release|Any CPU
	EndGlobalSection
	GlobalSection(ProjectConfigurationPlatforms) = postSolution
		{D2937657-3CC5-48C7-9D0B-AF4B22CAA89D}.All|Any CPU.ActiveCfg = Release|Any CPU
		{D2937657-3CC5-48C7-9D0B-AF4B22CAA89D}.All|Any CPU.Build.0 = Release|Any CPU
		{D2937657-3CC5-48C7-9D0B-AF4B22CAA89D}.Debug|Any CPU.ActiveCfg = Debug|Any CPU
		{D2937657-3CC5-48C7-9D0B-AF4B22CAA89D}.Debug|Any CPU.Build.0 = Debug|Any CPU
		{D2937657-3CC5-48C7-9D0B-AF4B22CAA89D}.Release|Any CPU.ActiveCfg = Release|Any CPU
		{D2937657-3CC5-48C7-9D0B-AF4B22CAA89D}.Release|Any CPU.Build.0 = Release|Any CPU
		{E94AB1A8-9F74-4686-9FF9-2CADFB9DF1CE}.All|Any CPU.ActiveCfg = DefaultBuild
		{E94AB1A8-9F74-4686-9FF9-2CADFB9DF1CE}.All|Any CPU.Build.0 = DefaultBuild
		{E94AB1A8-9F74-4686-9FF9-2CADFB9DF1CE}.Debug|Any CPU.ActiveCfg = DefaultBuild
		{E94AB1A8-9F74-4686-9FF9-2CADFB9DF1CE}.Debug|Any CPU.Build.0 = DefaultBuild
		{E94AB1A8-9F74-4686-9FF9-2CADFB9DF1CE}.Release|Any CPU.ActiveCfg = DefaultBuild
		{E94AB1A8-9F74-4686-9FF9-2CADFB9DF1CE}.Release|Any CPU.Build.0 = DefaultBuild
	EndGlobalSection
	GlobalSection(SolutionProperties) = preSolution
		HideSolutionNode = FALSE
	EndGlobalSection
	GlobalSection(ExtensibilityGlobals) = postSolution
		SolutionGuid = {A5592E7A-E69B-450F-837A-8D1237E79F50}
	EndGlobalSection
EndGlobal
